// !$*UTF8*$!
{
	archiveVersion = 1;
	classes = {
	};
	objectVersion = 48;
	objects = {

/* Begin PBXBuildFile section */
		669049336416252694F28A9C /* Pods_Hi_Touch.framework in Frameworks */ = {isa = PBXBuildFile; fileRef = BC16082C9764466BFC0A5C35 /* Pods_Hi_Touch.framework */; };
		9A0B61632205939C006A395A /* GoogleService-Info.plist in Resources */ = {isa = PBXBuildFile; fileRef = 9A0B61622205939C006A395A /* GoogleService-Info.plist */; };
		9A5372FC2206E8BB00C98EC5 /* ProfileCell.xib in Resources */ = {isa = PBXBuildFile; fileRef = 9A5372FB2206E8BB00C98EC5 /* ProfileCell.xib */; };
		9A5373002206F30B00C98EC5 /* ProfileCell.swift in Sources */ = {isa = PBXBuildFile; fileRef = 9A5372FF2206F30B00C98EC5 /* ProfileCell.swift */; };
		9A537303220757AF00C98EC5 /* Profile.swift in Sources */ = {isa = PBXBuildFile; fileRef = 9A537302220757AF00C98EC5 /* Profile.swift */; };
		9A5F72A222128D4000477B69 /* UserProfileViewController.swift in Sources */ = {isa = PBXBuildFile; fileRef = 9A5F72A122128D4000477B69 /* UserProfileViewController.swift */; };
		9A5F72A42212C9C600477B69 /* ChatUserCell.xib in Resources */ = {isa = PBXBuildFile; fileRef = 9A5F72A32212C9C600477B69 /* ChatUserCell.xib */; };
		9A5F72AA2212CDF400477B69 /* ChatUserCell.swift in Sources */ = {isa = PBXBuildFile; fileRef = 9A5F72A92212CDF400477B69 /* ChatUserCell.swift */; };
		9A5F72B22212D10700477B69 /* ChatTableViewController.swift in Sources */ = {isa = PBXBuildFile; fileRef = 9A5F72B12212D10700477B69 /* ChatTableViewController.swift */; };
		9A5F72B42212D12700477B69 /* ChatUserListTableViewController.swift in Sources */ = {isa = PBXBuildFile; fileRef = 9A5F72B32212D12700477B69 /* ChatUserListTableViewController.swift */; };
		9A6CEABC2206A29900FD37FB /* VerifyViewController.swift in Sources */ = {isa = PBXBuildFile; fileRef = 9A6CEABB2206A29900FD37FB /* VerifyViewController.swift */; };
		9A6CEAC02206B59E00FD37FB /* AccountTableViewController.swift in Sources */ = {isa = PBXBuildFile; fileRef = 9A6CEABF2206B59E00FD37FB /* AccountTableViewController.swift */; };
		9A73D3C02205685E00D4A918 /* AppDelegate.swift in Sources */ = {isa = PBXBuildFile; fileRef = 9A73D3BF2205685E00D4A918 /* AppDelegate.swift */; };
		9A73D3C52205685E00D4A918 /* Main.storyboard in Resources */ = {isa = PBXBuildFile; fileRef = 9A73D3C32205685E00D4A918 /* Main.storyboard */; };
		9A73D3C72205685E00D4A918 /* Assets.xcassets in Resources */ = {isa = PBXBuildFile; fileRef = 9A73D3C62205685E00D4A918 /* Assets.xcassets */; };
		9A73D3CA2205685E00D4A918 /* LaunchScreen.storyboard in Resources */ = {isa = PBXBuildFile; fileRef = 9A73D3C82205685E00D4A918 /* LaunchScreen.storyboard */; };
		9AA1FB2D220EC32D0000AEE7 /* SearchViewController.swift in Sources */ = {isa = PBXBuildFile; fileRef = 9AA1FB2C220EC32D0000AEE7 /* SearchViewController.swift */; };
		9AA1FB2F220EE3640000AEE7 /* SetTermsViewController.swift in Sources */ = {isa = PBXBuildFile; fileRef = 9AA1FB2E220EE3640000AEE7 /* SetTermsViewController.swift */; };
		9AA875EC220ACA110055B03C /* ProfileViewController.swift in Sources */ = {isa = PBXBuildFile; fileRef = 9AA875EB220ACA110055B03C /* ProfileViewController.swift */; };
		9AB5637D2205807C00BAA0B2 /* WelcomeViewController.swift in Sources */ = {isa = PBXBuildFile; fileRef = 9AB5637C2205807C00BAA0B2 /* WelcomeViewController.swift */; };
		9AB5637F2205809900BAA0B2 /* RegisterViewController.swift in Sources */ = {isa = PBXBuildFile; fileRef = 9AB5637E2205809900BAA0B2 /* RegisterViewController.swift */; };
		9AB56381220580A700BAA0B2 /* LoginViewController.swift in Sources */ = {isa = PBXBuildFile; fileRef = 9AB56380220580A700BAA0B2 /* LoginViewController.swift */; };
		9AF145DA2213DF5A008DE2A1 /* MessageCell.swift in Sources */ = {isa = PBXBuildFile; fileRef = 9AF145D82213DF5A008DE2A1 /* MessageCell.swift */; };
		9AF145DB2213DF5A008DE2A1 /* MessageCell.xib in Resources */ = {isa = PBXBuildFile; fileRef = 9AF145D92213DF5A008DE2A1 /* MessageCell.xib */; };
		9AF145DF2213F625008DE2A1 /* Messages.swift in Sources */ = {isa = PBXBuildFile; fileRef = 9AF145DE2213F625008DE2A1 /* Messages.swift */; };
		9AF145E12213FCEE008DE2A1 /* ChatUserProfile.swift in Sources */ = {isa = PBXBuildFile; fileRef = 9AF145E02213FCEE008DE2A1 /* ChatUserProfile.swift */; };
/* End PBXBuildFile section */

/* Begin PBXFileReference section */
		2D02217ABFC872A0FBD96656 /* Pods-Hi-Touch.debug.xcconfig */ = {isa = PBXFileReference; includeInIndex = 1; lastKnownFileType = text.xcconfig; name = "Pods-Hi-Touch.debug.xcconfig"; path = "Pods/Target Support Files/Pods-Hi-Touch/Pods-Hi-Touch.debug.xcconfig"; sourceTree = "<group>"; };
		9A0B61622205939C006A395A /* GoogleService-Info.plist */ = {isa = PBXFileReference; fileEncoding = 4; lastKnownFileType = text.plist.xml; path = "GoogleService-Info.plist"; sourceTree = "<group>"; };
		9A5372FB2206E8BB00C98EC5 /* ProfileCell.xib */ = {isa = PBXFileReference; lastKnownFileType = file.xib; path = ProfileCell.xib; sourceTree = "<group>"; };
		9A5372FF2206F30B00C98EC5 /* ProfileCell.swift */ = {isa = PBXFileReference; lastKnownFileType = sourcecode.swift; path = ProfileCell.swift; sourceTree = "<group>"; };
		9A537302220757AF00C98EC5 /* Profile.swift */ = {isa = PBXFileReference; lastKnownFileType = sourcecode.swift; path = Profile.swift; sourceTree = "<group>"; };
		9A5F72A122128D4000477B69 /* UserProfileViewController.swift */ = {isa = PBXFileReference; lastKnownFileType = sourcecode.swift; path = UserProfileViewController.swift; sourceTree = "<group>"; };
		9A5F72A32212C9C600477B69 /* ChatUserCell.xib */ = {isa = PBXFileReference; lastKnownFileType = file.xib; path = ChatUserCell.xib; sourceTree = "<group>"; };
		9A5F72A92212CDF400477B69 /* ChatUserCell.swift */ = {isa = PBXFileReference; lastKnownFileType = sourcecode.swift; path = ChatUserCell.swift; sourceTree = "<group>"; };
		9A5F72B12212D10700477B69 /* ChatTableViewController.swift */ = {isa = PBXFileReference; lastKnownFileType = sourcecode.swift; path = ChatTableViewController.swift; sourceTree = "<group>"; };
		9A5F72B32212D12700477B69 /* ChatUserListTableViewController.swift */ = {isa = PBXFileReference; lastKnownFileType = sourcecode.swift; path = ChatUserListTableViewController.swift; sourceTree = "<group>"; };
		9A6CEABB2206A29900FD37FB /* VerifyViewController.swift */ = {isa = PBXFileReference; lastKnownFileType = sourcecode.swift; path = VerifyViewController.swift; sourceTree = "<group>"; };
		9A6CEABF2206B59E00FD37FB /* AccountTableViewController.swift */ = {isa = PBXFileReference; lastKnownFileType = sourcecode.swift; path = AccountTableViewController.swift; sourceTree = "<group>"; };
		9A73D3BC2205685E00D4A918 /* Hi-Touch.app */ = {isa = PBXFileReference; explicitFileType = wrapper.application; includeInIndex = 0; path = "Hi-Touch.app"; sourceTree = BUILT_PRODUCTS_DIR; };
		9A73D3BF2205685E00D4A918 /* AppDelegate.swift */ = {isa = PBXFileReference; lastKnownFileType = sourcecode.swift; path = AppDelegate.swift; sourceTree = "<group>"; };
		9A73D3C42205685E00D4A918 /* Base */ = {isa = PBXFileReference; lastKnownFileType = file.storyboard; name = Base; path = Base.lproj/Main.storyboard; sourceTree = "<group>"; };
		9A73D3C62205685E00D4A918 /* Assets.xcassets */ = {isa = PBXFileReference; lastKnownFileType = folder.assetcatalog; path = Assets.xcassets; sourceTree = "<group>"; };
		9A73D3C92205685E00D4A918 /* Base */ = {isa = PBXFileReference; lastKnownFileType = file.storyboard; name = Base; path = Base.lproj/LaunchScreen.storyboard; sourceTree = "<group>"; };
		9A73D3CB2205685E00D4A918 /* Info.plist */ = {isa = PBXFileReference; lastKnownFileType = text.plist.xml; path = Info.plist; sourceTree = "<group>"; };
		9AA1FB2C220EC32D0000AEE7 /* SearchViewController.swift */ = {isa = PBXFileReference; lastKnownFileType = sourcecode.swift; path = SearchViewController.swift; sourceTree = "<group>"; };
		9AA1FB2E220EE3640000AEE7 /* SetTermsViewController.swift */ = {isa = PBXFileReference; lastKnownFileType = sourcecode.swift; path = SetTermsViewController.swift; sourceTree = "<group>"; };
		9AA875EB220ACA110055B03C /* ProfileViewController.swift */ = {isa = PBXFileReference; lastKnownFileType = sourcecode.swift; path = ProfileViewController.swift; sourceTree = "<group>"; };
		9AB5637C2205807C00BAA0B2 /* WelcomeViewController.swift */ = {isa = PBXFileReference; lastKnownFileType = sourcecode.swift; path = WelcomeViewController.swift; sourceTree = "<group>"; };
		9AB5637E2205809900BAA0B2 /* RegisterViewController.swift */ = {isa = PBXFileReference; lastKnownFileType = sourcecode.swift; path = RegisterViewController.swift; sourceTree = "<group>"; };
		9AB56380220580A700BAA0B2 /* LoginViewController.swift */ = {isa = PBXFileReference; lastKnownFileType = sourcecode.swift; path = LoginViewController.swift; sourceTree = "<group>"; };
		9AF145D82213DF5A008DE2A1 /* MessageCell.swift */ = {isa = PBXFileReference; lastKnownFileType = sourcecode.swift; path = MessageCell.swift; sourceTree = "<group>"; };
		9AF145D92213DF5A008DE2A1 /* MessageCell.xib */ = {isa = PBXFileReference; lastKnownFileType = file.xib; path = MessageCell.xib; sourceTree = "<group>"; };
		9AF145DE2213F625008DE2A1 /* Messages.swift */ = {isa = PBXFileReference; lastKnownFileType = sourcecode.swift; path = Messages.swift; sourceTree = "<group>"; };
		9AF145E02213FCEE008DE2A1 /* ChatUserProfile.swift */ = {isa = PBXFileReference; lastKnownFileType = sourcecode.swift; path = ChatUserProfile.swift; sourceTree = "<group>"; };
		BC16082C9764466BFC0A5C35 /* Pods_Hi_Touch.framework */ = {isa = PBXFileReference; explicitFileType = wrapper.framework; includeInIndex = 0; path = Pods_Hi_Touch.framework; sourceTree = BUILT_PRODUCTS_DIR; };
		D6AC3B7847E17CEC6DBD84B4 /* Pods-Hi-Touch.release.xcconfig */ = {isa = PBXFileReference; includeInIndex = 1; lastKnownFileType = text.xcconfig; name = "Pods-Hi-Touch.release.xcconfig"; path = "Pods/Target Support Files/Pods-Hi-Touch/Pods-Hi-Touch.release.xcconfig"; sourceTree = "<group>"; };
/* End PBXFileReference section */

/* Begin PBXFrameworksBuildPhase section */
		9A73D3B92205685E00D4A918 /* Frameworks */ = {
			isa = PBXFrameworksBuildPhase;
			buildActionMask = 2147483647;
			files = (
				669049336416252694F28A9C /* Pods_Hi_Touch.framework in Frameworks */,
			);
			runOnlyForDeploymentPostprocessing = 0;
		};
/* End PBXFrameworksBuildPhase section */

/* Begin PBXGroup section */
		27FA740A304E9B605829D9B1 /* Pods */ = {
			isa = PBXGroup;
			children = (
				2D02217ABFC872A0FBD96656 /* Pods-Hi-Touch.debug.xcconfig */,
				D6AC3B7847E17CEC6DBD84B4 /* Pods-Hi-Touch.release.xcconfig */,
			);
			name = Pods;
			sourceTree = "<group>";
		};
		6ACE9346F11395EDD0C7E182 /* Frameworks */ = {
			isa = PBXGroup;
			children = (
				BC16082C9764466BFC0A5C35 /* Pods_Hi_Touch.framework */,
			);
			name = Frameworks;
			sourceTree = "<group>";
		};
		9A5372FA2206E85100C98EC5 /* Custom Cell */ = {
			isa = PBXGroup;
			children = (
				9A5372FB2206E8BB00C98EC5 /* ProfileCell.xib */,
				9A5372FF2206F30B00C98EC5 /* ProfileCell.swift */,
				9A5F72A32212C9C600477B69 /* ChatUserCell.xib */,
				9A5F72A92212CDF400477B69 /* ChatUserCell.swift */,
				9AF145D82213DF5A008DE2A1 /* MessageCell.swift */,
				9AF145D92213DF5A008DE2A1 /* MessageCell.xib */,
			);
			path = "Custom Cell";
			sourceTree = "<group>";
		};
		9A5373012207577D00C98EC5 /* Data Model */ = {
			isa = PBXGroup;
			children = (
				9A537302220757AF00C98EC5 /* Profile.swift */,
				9AF145DE2213F625008DE2A1 /* Messages.swift */,
				9AF145E02213FCEE008DE2A1 /* ChatUserProfile.swift */,
			);
			path = "Data Model";
			sourceTree = "<group>";
		};
		9A5F72AB2212D04300477B69 /* WelcomeView */ = {
			isa = PBXGroup;
			children = (
				9AB5637C2205807C00BAA0B2 /* WelcomeViewController.swift */,
				9AB5637E2205809900BAA0B2 /* RegisterViewController.swift */,
				9AB56380220580A700BAA0B2 /* LoginViewController.swift */,
				9A6CEABB2206A29900FD37FB /* VerifyViewController.swift */,
			);
			path = WelcomeView;
			sourceTree = "<group>";
		};
		9A5F72AC2212D04E00477B69 /* AccountTab */ = {
			isa = PBXGroup;
			children = (
				9A6CEABF2206B59E00FD37FB /* AccountTableViewController.swift */,
				9AA875EB220ACA110055B03C /* ProfileViewController.swift */,
			);
			path = AccountTab;
			sourceTree = "<group>";
		};
		9A5F72AD2212D06800477B69 /* SearchTab */ = {
			isa = PBXGroup;
			children = (
				9A5F72A122128D4000477B69 /* UserProfileViewController.swift */,
				9AA1FB2C220EC32D0000AEE7 /* SearchViewController.swift */,
				9AA1FB2E220EE3640000AEE7 /* SetTermsViewController.swift */,
			);
			path = SearchTab;
			sourceTree = "<group>";
		};
		9A5F72AE2212D06F00477B69 /* ChatTab */ = {
			isa = PBXGroup;
			children = (
				9A5F72B12212D10700477B69 /* ChatTableViewController.swift */,
				9A5F72B32212D12700477B69 /* ChatUserListTableViewController.swift */,
			);
			path = ChatTab;
			sourceTree = "<group>";
		};
		9A73D3B32205685E00D4A918 = {
			isa = PBXGroup;
			children = (
				9A73D3BE2205685E00D4A918 /* Hi-Touch */,
				9A73D3BD2205685E00D4A918 /* Products */,
				27FA740A304E9B605829D9B1 /* Pods */,
				6ACE9346F11395EDD0C7E182 /* Frameworks */,
			);
			sourceTree = "<group>";
		};
		9A73D3BD2205685E00D4A918 /* Products */ = {
			isa = PBXGroup;
			children = (
				9A73D3BC2205685E00D4A918 /* Hi-Touch.app */,
			);
			name = Products;
			sourceTree = "<group>";
		};
		9A73D3BE2205685E00D4A918 /* Hi-Touch */ = {
			isa = PBXGroup;
			children = (
				9A73D3BF2205685E00D4A918 /* AppDelegate.swift */,
				9A5373012207577D00C98EC5 /* Data Model */,
				9A5372FA2206E85100C98EC5 /* Custom Cell */,
				9AB5637B2205803F00BAA0B2 /* Controller */,
				9A73D3C32205685E00D4A918 /* Main.storyboard */,
				9A73D3C62205685E00D4A918 /* Assets.xcassets */,
				9A73D3C82205685E00D4A918 /* LaunchScreen.storyboard */,
				9A73D3CB2205685E00D4A918 /* Info.plist */,
				9A0B61622205939C006A395A /* GoogleService-Info.plist */,
			);
			path = "Hi-Touch";
			sourceTree = "<group>";
		};
		9AB5637B2205803F00BAA0B2 /* Controller */ = {
			isa = PBXGroup;
			children = (
				9A5F72AE2212D06F00477B69 /* ChatTab */,
				9A5F72AD2212D06800477B69 /* SearchTab */,
				9A5F72AC2212D04E00477B69 /* AccountTab */,
				9A5F72AB2212D04300477B69 /* WelcomeView */,
			);
			path = Controller;
			sourceTree = "<group>";
		};
/* End PBXGroup section */

/* Begin PBXNativeTarget section */
		9A73D3BB2205685E00D4A918 /* Hi-Touch */ = {
			isa = PBXNativeTarget;
			buildConfigurationList = 9A73D3CE2205685E00D4A918 /* Build configuration list for PBXNativeTarget "Hi-Touch" */;
			buildPhases = (
				7B40B8551BFE7B71E3796901 /* [CP] Check Pods Manifest.lock */,
				9A73D3B82205685E00D4A918 /* Sources */,
				9A73D3B92205685E00D4A918 /* Frameworks */,
				9A73D3BA2205685E00D4A918 /* Resources */,
				F81BEBEBBA23CD98359E9686 /* [CP] Embed Pods Frameworks */,
			);
			buildRules = (
			);
			dependencies = (
			);
			name = "Hi-Touch";
			productName = "Hi-Touch";
			productReference = 9A73D3BC2205685E00D4A918 /* Hi-Touch.app */;
			productType = "com.apple.product-type.application";
		};
/* End PBXNativeTarget section */

/* Begin PBXProject section */
		9A73D3B42205685E00D4A918 /* Project object */ = {
			isa = PBXProject;
			attributes = {
				LastSwiftUpdateCheck = 0920;
				LastUpgradeCheck = 0920;
				ORGANIZATIONNAME = yoshinofumiya;
				TargetAttributes = {
					9A73D3BB2205685E00D4A918 = {
						CreatedOnToolsVersion = 9.2;
						ProvisioningStyle = Automatic;
					};
				};
			};
			buildConfigurationList = 9A73D3B72205685E00D4A918 /* Build configuration list for PBXProject "Hi-Touch" */;
			compatibilityVersion = "Xcode 8.0";
			developmentRegion = en;
			hasScannedForEncodings = 0;
			knownRegions = (
				en,
				Base,
			);
			mainGroup = 9A73D3B32205685E00D4A918;
			productRefGroup = 9A73D3BD2205685E00D4A918 /* Products */;
			projectDirPath = "";
			projectRoot = "";
			targets = (
				9A73D3BB2205685E00D4A918 /* Hi-Touch */,
			);
		};
/* End PBXProject section */

/* Begin PBXResourcesBuildPhase section */
		9A73D3BA2205685E00D4A918 /* Resources */ = {
			isa = PBXResourcesBuildPhase;
			buildActionMask = 2147483647;
			files = (
				9A73D3CA2205685E00D4A918 /* LaunchScreen.storyboard in Resources */,
				9A0B61632205939C006A395A /* GoogleService-Info.plist in Resources */,
				9A73D3C72205685E00D4A918 /* Assets.xcassets in Resources */,
				9A73D3C52205685E00D4A918 /* Main.storyboard in Resources */,
				9A5F72A42212C9C600477B69 /* ChatUserCell.xib in Resources */,
				9AF145DB2213DF5A008DE2A1 /* MessageCell.xib in Resources */,
				9A5372FC2206E8BB00C98EC5 /* ProfileCell.xib in Resources */,
			);
			runOnlyForDeploymentPostprocessing = 0;
		};
/* End PBXResourcesBuildPhase section */

/* Begin PBXShellScriptBuildPhase section */
		7B40B8551BFE7B71E3796901 /* [CP] Check Pods Manifest.lock */ = {
			isa = PBXShellScriptBuildPhase;
			buildActionMask = 2147483647;
			files = (
			);
			inputPaths = (
				"${PODS_PODFILE_DIR_PATH}/Podfile.lock",
				"${PODS_ROOT}/Manifest.lock",
			);
			name = "[CP] Check Pods Manifest.lock";
			outputPaths = (
				"$(DERIVED_FILE_DIR)/Pods-Hi-Touch-checkManifestLockResult.txt",
			);
			runOnlyForDeploymentPostprocessing = 0;
			shellPath = /bin/sh;
			shellScript = "diff \"${PODS_PODFILE_DIR_PATH}/Podfile.lock\" \"${PODS_ROOT}/Manifest.lock\" > /dev/null\nif [ $? != 0 ] ; then\n    # print error to STDERR\n    echo \"error: The sandbox is not in sync with the Podfile.lock. Run 'pod install' or update your CocoaPods installation.\" >&2\n    exit 1\nfi\n# This output is used by Xcode 'outputs' to avoid re-running this script phase.\necho \"SUCCESS\" > \"${SCRIPT_OUTPUT_FILE_0}\"\n";
			showEnvVarsInLog = 0;
		};
		F81BEBEBBA23CD98359E9686 /* [CP] Embed Pods Frameworks */ = {
			isa = PBXShellScriptBuildPhase;
			buildActionMask = 2147483647;
			files = (
			);
			inputPaths = (
				"${SRCROOT}/Pods/Target Support Files/Pods-Hi-Touch/Pods-Hi-Touch-frameworks.sh",
				"${BUILT_PRODUCTS_DIR}/Alamofire/Alamofire.framework",
				"${BUILT_PRODUCTS_DIR}/AlamofireImage/AlamofireImage.framework",
				"${BUILT_PRODUCTS_DIR}/ChameleonFramework/ChameleonFramework.framework",
				"${BUILT_PRODUCTS_DIR}/CodableFirebase/CodableFirebase.framework",
				"${BUILT_PRODUCTS_DIR}/GTMSessionFetcher/GTMSessionFetcher.framework",
				"${BUILT_PRODUCTS_DIR}/GoogleUtilities/GoogleUtilities.framework",
				"${BUILT_PRODUCTS_DIR}/Realm/Realm.framework",
				"${BUILT_PRODUCTS_DIR}/RealmSwift/RealmSwift.framework",
				"${BUILT_PRODUCTS_DIR}/SDWebImage/SDWebImage.framework",
				"${BUILT_PRODUCTS_DIR}/SVProgressHUD/SVProgressHUD.framework",
				"${BUILT_PRODUCTS_DIR}/leveldb-library/leveldb.framework",
				"${BUILT_PRODUCTS_DIR}/nanopb/nanopb.framework",
			);
			name = "[CP] Embed Pods Frameworks";
			outputPaths = (
				"${TARGET_BUILD_DIR}/${FRAMEWORKS_FOLDER_PATH}/Alamofire.framework",
				"${TARGET_BUILD_DIR}/${FRAMEWORKS_FOLDER_PATH}/AlamofireImage.framework",
				"${TARGET_BUILD_DIR}/${FRAMEWORKS_FOLDER_PATH}/ChameleonFramework.framework",
				"${TARGET_BUILD_DIR}/${FRAMEWORKS_FOLDER_PATH}/CodableFirebase.framework",
				"${TARGET_BUILD_DIR}/${FRAMEWORKS_FOLDER_PATH}/GTMSessionFetcher.framework",
				"${TARGET_BUILD_DIR}/${FRAMEWORKS_FOLDER_PATH}/GoogleUtilities.framework",
				"${TARGET_BUILD_DIR}/${FRAMEWORKS_FOLDER_PATH}/Realm.framework",
				"${TARGET_BUILD_DIR}/${FRAMEWORKS_FOLDER_PATH}/RealmSwift.framework",
				"${TARGET_BUILD_DIR}/${FRAMEWORKS_FOLDER_PATH}/SDWebImage.framework",
				"${TARGET_BUILD_DIR}/${FRAMEWORKS_FOLDER_PATH}/SVProgressHUD.framework",
				"${TARGET_BUILD_DIR}/${FRAMEWORKS_FOLDER_PATH}/leveldb.framework",
				"${TARGET_BUILD_DIR}/${FRAMEWORKS_FOLDER_PATH}/nanopb.framework",
			);
			runOnlyForDeploymentPostprocessing = 0;
			shellPath = /bin/sh;
			shellScript = "\"${SRCROOT}/Pods/Target Support Files/Pods-Hi-Touch/Pods-Hi-Touch-frameworks.sh\"\n";
			showEnvVarsInLog = 0;
		};
/* End PBXShellScriptBuildPhase section */

/* Begin PBXSourcesBuildPhase section */
		9A73D3B82205685E00D4A918 /* Sources */ = {
			isa = PBXSourcesBuildPhase;
			buildActionMask = 2147483647;
			files = (
				9AF145E12213FCEE008DE2A1 /* ChatUserProfile.swift in Sources */,
				9AA1FB2D220EC32D0000AEE7 /* SearchViewController.swift in Sources */,
				9AF145DF2213F625008DE2A1 /* Messages.swift in Sources */,
				9AF145DA2213DF5A008DE2A1 /* MessageCell.swift in Sources */,
				9A5F72AA2212CDF400477B69 /* ChatUserCell.swift in Sources */,
				9A5F72A222128D4000477B69 /* UserProfileViewController.swift in Sources */,
				9AB5637D2205807C00BAA0B2 /* WelcomeViewController.swift in Sources */,
				9AA1FB2F220EE3640000AEE7 /* SetTermsViewController.swift in Sources */,
				9A537303220757AF00C98EC5 /* Profile.swift in Sources */,
				9A73D3C02205685E00D4A918 /* AppDelegate.swift in Sources */,
				9A5F72B42212D12700477B69 /* ChatUserListTableViewController.swift in Sources */,
				9A6CEAC02206B59E00FD37FB /* AccountTableViewController.swift in Sources */,
				9AB56381220580A700BAA0B2 /* LoginViewController.swift in Sources */,
				9A6CEABC2206A29900FD37FB /* VerifyViewController.swift in Sources */,
				9AA875EC220ACA110055B03C /* ProfileViewController.swift in Sources */,
				9AB5637F2205809900BAA0B2 /* RegisterViewController.swift in Sources */,
				9A5373002206F30B00C98EC5 /* ProfileCell.swift in Sources */,
				9A5F72B22212D10700477B69 /* ChatTableViewController.swift in Sources */,
			);
			runOnlyForDeploymentPostprocessing = 0;
		};
/* End PBXSourcesBuildPhase section */

/* Begin PBXVariantGroup section */
		9A73D3C32205685E00D4A918 /* Main.storyboard */ = {
			isa = PBXVariantGroup;
			children = (
				9A73D3C42205685E00D4A918 /* Base */,
			);
			name = Main.storyboard;
			sourceTree = "<group>";
		};
		9A73D3C82205685E00D4A918 /* LaunchScreen.storyboard */ = {
			isa = PBXVariantGroup;
			children = (
				9A73D3C92205685E00D4A918 /* Base */,
			);
			name = LaunchScreen.storyboard;
			sourceTree = "<group>";
		};
/* End PBXVariantGroup section */

/* Begin XCBuildConfiguration section */
		9A73D3CC2205685E00D4A918 /* Debug */ = {
			isa = XCBuildConfiguration;
			buildSettings = {
				ALWAYS_SEARCH_USER_PATHS = NO;
				CLANG_ANALYZER_NONNULL = YES;
				CLANG_ANALYZER_NUMBER_OBJECT_CONVERSION = YES_AGGRESSIVE;
				CLANG_CXX_LANGUAGE_STANDARD = "gnu++14";
				CLANG_CXX_LIBRARY = "libc++";
				CLANG_ENABLE_MODULES = YES;
				CLANG_ENABLE_OBJC_ARC = YES;
				CLANG_WARN_BLOCK_CAPTURE_AUTORELEASING = YES;
				CLANG_WARN_BOOL_CONVERSION = YES;
				CLANG_WARN_COMMA = YES;
				CLANG_WARN_CONSTANT_CONVERSION = YES;
				CLANG_WARN_DIRECT_OBJC_ISA_USAGE = YES_ERROR;
				CLANG_WARN_DOCUMENTATION_COMMENTS = YES;
				CLANG_WARN_EMPTY_BODY = YES;
				CLANG_WARN_ENUM_CONVERSION = YES;
				CLANG_WARN_INFINITE_RECURSION = YES;
				CLANG_WARN_INT_CONVERSION = YES;
				CLANG_WARN_NON_LITERAL_NULL_CONVERSION = YES;
				CLANG_WARN_OBJC_LITERAL_CONVERSION = YES;
				CLANG_WARN_OBJC_ROOT_CLASS = YES_ERROR;
				CLANG_WARN_RANGE_LOOP_ANALYSIS = YES;
				CLANG_WARN_STRICT_PROTOTYPES = YES;
				CLANG_WARN_SUSPICIOUS_MOVE = YES;
				CLANG_WARN_UNGUARDED_AVAILABILITY = YES_AGGRESSIVE;
				CLANG_WARN_UNREACHABLE_CODE = YES;
				CLANG_WARN__DUPLICATE_METHOD_MATCH = YES;
				CODE_SIGN_IDENTITY = "iPhone Developer";
				COPY_PHASE_STRIP = NO;
				DEBUG_INFORMATION_FORMAT = dwarf;
				ENABLE_STRICT_OBJC_MSGSEND = YES;
				ENABLE_TESTABILITY = YES;
				GCC_C_LANGUAGE_STANDARD = gnu11;
				GCC_DYNAMIC_NO_PIC = NO;
				GCC_NO_COMMON_BLOCKS = YES;
				GCC_OPTIMIZATION_LEVEL = 0;
				GCC_PREPROCESSOR_DEFINITIONS = (
					"DEBUG=1",
					"$(inherited)",
				);
				GCC_WARN_64_TO_32_BIT_CONVERSION = YES;
				GCC_WARN_ABOUT_RETURN_TYPE = YES_ERROR;
				GCC_WARN_UNDECLARED_SELECTOR = YES;
				GCC_WARN_UNINITIALIZED_AUTOS = YES_AGGRESSIVE;
				GCC_WARN_UNUSED_FUNCTION = YES;
				GCC_WARN_UNUSED_VARIABLE = YES;
				IPHONEOS_DEPLOYMENT_TARGET = 11.2;
				MTL_ENABLE_DEBUG_INFO = YES;
				ONLY_ACTIVE_ARCH = YES;
				SDKROOT = iphoneos;
				SWIFT_ACTIVE_COMPILATION_CONDITIONS = DEBUG;
				SWIFT_OPTIMIZATION_LEVEL = "-Onone";
			};
			name = Debug;
		};
		9A73D3CD2205685E00D4A918 /* Release */ = {
			isa = XCBuildConfiguration;
			buildSettings = {
				ALWAYS_SEARCH_USER_PATHS = NO;
				CLANG_ANALYZER_NONNULL = YES;
				CLANG_ANALYZER_NUMBER_OBJECT_CONVERSION = YES_AGGRESSIVE;
				CLANG_CXX_LANGUAGE_STANDARD = "gnu++14";
				CLANG_CXX_LIBRARY = "libc++";
				CLANG_ENABLE_MODULES = YES;
				CLANG_ENABLE_OBJC_ARC = YES;
				CLANG_WARN_BLOCK_CAPTURE_AUTORELEASING = YES;
				CLANG_WARN_BOOL_CONVERSION = YES;
				CLANG_WARN_COMMA = YES;
				CLANG_WARN_CONSTANT_CONVERSION = YES;
				CLANG_WARN_DIRECT_OBJC_ISA_USAGE = YES_ERROR;
				CLANG_WARN_DOCUMENTATION_COMMENTS = YES;
				CLANG_WARN_EMPTY_BODY = YES;
				CLANG_WARN_ENUM_CONVERSION = YES;
				CLANG_WARN_INFINITE_RECURSION = YES;
				CLANG_WARN_INT_CONVERSION = YES;
				CLANG_WARN_NON_LITERAL_NULL_CONVERSION = YES;
				CLANG_WARN_OBJC_LITERAL_CONVERSION = YES;
				CLANG_WARN_OBJC_ROOT_CLASS = YES_ERROR;
				CLANG_WARN_RANGE_LOOP_ANALYSIS = YES;
				CLANG_WARN_STRICT_PROTOTYPES = YES;
				CLANG_WARN_SUSPICIOUS_MOVE = YES;
				CLANG_WARN_UNGUARDED_AVAILABILITY = YES_AGGRESSIVE;
				CLANG_WARN_UNREACHABLE_CODE = YES;
				CLANG_WARN__DUPLICATE_METHOD_MATCH = YES;
				CODE_SIGN_IDENTITY = "iPhone Developer";
				COPY_PHASE_STRIP = NO;
				DEBUG_INFORMATION_FORMAT = "dwarf-with-dsym";
				ENABLE_NS_ASSERTIONS = NO;
				ENABLE_STRICT_OBJC_MSGSEND = YES;
				GCC_C_LANGUAGE_STANDARD = gnu11;
				GCC_NO_COMMON_BLOCKS = YES;
				GCC_WARN_64_TO_32_BIT_CONVERSION = YES;
				GCC_WARN_ABOUT_RETURN_TYPE = YES_ERROR;
				GCC_WARN_UNDECLARED_SELECTOR = YES;
				GCC_WARN_UNINITIALIZED_AUTOS = YES_AGGRESSIVE;
				GCC_WARN_UNUSED_FUNCTION = YES;
				GCC_WARN_UNUSED_VARIABLE = YES;
				IPHONEOS_DEPLOYMENT_TARGET = 11.2;
				MTL_ENABLE_DEBUG_INFO = NO;
				SDKROOT = iphoneos;
				SWIFT_OPTIMIZATION_LEVEL = "-Owholemodule";
				VALIDATE_PRODUCT = YES;
			};
			name = Release;
		};
		9A73D3CF2205685E00D4A918 /* Debug */ = {
			isa = XCBuildConfiguration;
			baseConfigurationReference = 2D02217ABFC872A0FBD96656 /* Pods-Hi-Touch.debug.xcconfig */;
			buildSettings = {
				ASSETCATALOG_COMPILER_APPICON_NAME = AppIcon;
				CODE_SIGN_STYLE = Automatic;
				DEVELOPMENT_TEAM = M35Y9MHDZC;
				INFOPLIST_FILE = "Hi-Touch/Info.plist";
				LD_RUNPATH_SEARCH_PATHS = "$(inherited) @executable_path/Frameworks";
				PRODUCT_BUNDLE_IDENTIFIER = "com.yoshinofumiya.Hi-Touch";
				PRODUCT_NAME = "$(TARGET_NAME)";
				SWIFT_VERSION = 4.0;
				TARGETED_DEVICE_FAMILY = "1,2";
			};
			name = Debug;
		};
		9A73D3D02205685E00D4A918 /* Release */ = {
			isa = XCBuildConfiguration;
			baseConfigurationReference = D6AC3B7847E17CEC6DBD84B4 /* Pods-Hi-Touch.release.xcconfig */;
			buildSettings = {
				ASSETCATALOG_COMPILER_APPICON_NAME = AppIcon;
				CODE_SIGN_STYLE = Automatic;
				DEVELOPMENT_TEAM = M35Y9MHDZC;
				INFOPLIST_FILE = "Hi-Touch/Info.plist";
				LD_RUNPATH_SEARCH_PATHS = "$(inherited) @executable_path/Frameworks";
				PRODUCT_BUNDLE_IDENTIFIER = "com.yoshinofumiya.Hi-Touch";
				PRODUCT_NAME = "$(TARGET_NAME)";
				SWIFT_VERSION = 4.0;
				TARGETED_DEVICE_FAMILY = "1,2";
			};
			name = Release;
		};
/* End XCBuildConfiguration section */

/* Begin XCConfigurationList section */
		9A73D3B72205685E00D4A918 /* Build configuration list for PBXProject "Hi-Touch" */ = {
			isa = XCConfigurationList;
			buildConfigurations = (
				9A73D3CC2205685E00D4A918 /* Debug */,
				9A73D3CD2205685E00D4A918 /* Release */,
			);
			defaultConfigurationIsVisible = 0;
			defaultConfigurationName = Release;
		};
		9A73D3CE2205685E00D4A918 /* Build configuration list for PBXNativeTarget "Hi-Touch" */ = {
			isa = XCConfigurationList;
			buildConfigurations = (
				9A73D3CF2205685E00D4A918 /* Debug */,
				9A73D3D02205685E00D4A918 /* Release */,
			);
			defaultConfigurationIsVisible = 0;
			defaultConfigurationName = Release;
		};
/* End XCConfigurationList section */
	};
	rootObject = 9A73D3B42205685E00D4A918 /* Project object */;
}
